PODS:
  - MGArchitecture (1.0.1):
    - RxCocoa (~> 5.0)
    - RxSwift (~> 5.0)
  - MJRefresh (3.2.3)
  - "NSObject+Rx (5.0.0)":
    - RxSwift (~> 5.0)
  - Reusable (4.1.0):
    - Reusable/Storyboard (= 4.1.0)
    - Reusable/View (= 4.1.0)
  - Reusable/Storyboard (4.1.0)
  - Reusable/View (4.1.0)
  - RxCocoa (5.0.0):
    - RxRelay (~> 5)
    - RxSwift (~> 5)
  - RxRelay (5.0.0):
    - RxSwift (~> 5)
  - RxSwift (5.0.0)
  - Then (2.4.0)

DEPENDENCIES:
  - MGArchitecture (= 1.0.1)
  - MJRefresh (~> 3.2)
  - "NSObject+Rx (= 5.0)"
  - Reusable (= 4.1.0)
  - Then (= 2.4)

SPEC REPOS:
  trunk:
    - MGArchitecture
    - MJRefresh
    - "NSObject+Rx"
    - Reusable
    - RxCocoa
    - RxRelay
    - RxSwift
    - Then

SPEC CHECKSUMS:
  MGArchitecture: 52a78300f9ec84ad5d2bc5bc32219b72df9d59c7
  MJRefresh: 2b1214a2dc8f4df4c5dcb028ea2ad4e245425fb7
  "NSObject+Rx": 6151a97d171f7187c4183746acc42d9451952a7b
  Reusable: 82be188f29d96dc5eff0db7b2393bcc08d2cdd5b
  RxCocoa: fcf32050ac00d801f34a7f71d5e8e7f23026dcd8
  RxRelay: 4f7409406a51a55cd88483f21ed898c234d60f18
  RxSwift: 8b0671caa829a763bbce7271095859121cbd895f
  Then: 71866660c7af35a7343831f7668e7cd2b62ee0f2

PODFILE CHECKSUM: 2a0893156030d8e36705f1985ebfa93b23ef87c8

COCOAPODS: 1.8.4
