// !$*UTF8*$!
{
	archiveVersion = 1;
	classes = {
	};
	objectVersion = 50;
	objects = {

/* Begin PBXBuildFile section */
		174015292257127E00838B91 /* Main.storyboard in Resources */ = {isa = PBXBuildFile; fileRef = 174015272257127E00838B91 /* Main.storyboard */; };
		1740152B2257128000838B91 /* Assets.xcassets in Resources */ = {isa = PBXBuildFile; fileRef = 1740152A2257128000838B91 /* Assets.xcassets */; };
		1740152E2257128000838B91 /* LaunchScreen.storyboard in Resources */ = {isa = PBXBuildFile; fileRef = 1740152C2257128000838B91 /* LaunchScreen.storyboard */; };
		17401533225712B100838B91 /* LoadMoreCollectionView.swift in Sources */ = {isa = PBXBuildFile; fileRef = 179F9E97217888C30018A62B /* LoadMoreCollectionView.swift */; };
		17401534225712B100838B91 /* LoadMoreTableView.swift in Sources */ = {isa = PBXBuildFile; fileRef = 179F9E95217888C30018A62B /* LoadMoreTableView.swift */; };
		17401535225712B100838B91 /* RefreshAutoFooter.swift in Sources */ = {isa = PBXBuildFile; fileRef = 179F9E94217888C30018A62B /* RefreshAutoFooter.swift */; };
		17401536225712B100838B91 /* RefreshAutoHeader.swift in Sources */ = {isa = PBXBuildFile; fileRef = 179F9E96217888C30018A62B /* RefreshAutoHeader.swift */; };
		17401537225712B100838B91 /* RefreshTableView.swift in Sources */ = {isa = PBXBuildFile; fileRef = 179F9E98217888C30018A62B /* RefreshTableView.swift */; };
		1740155722572C4C00838B91 /* Storyboards.swift in Sources */ = {isa = PBXBuildFile; fileRef = 1740153E22572C4B00838B91 /* Storyboards.swift */; };
		1740155822572C4C00838B91 /* AppAssembler.swift in Sources */ = {isa = PBXBuildFile; fileRef = 1740154022572C4B00838B91 /* AppAssembler.swift */; };
		1740155922572C4C00838B91 /* AppNavigator.swift in Sources */ = {isa = PBXBuildFile; fileRef = 1740154122572C4B00838B91 /* AppNavigator.swift */; };
		1740155A22572C4C00838B91 /* AppViewModel.swift in Sources */ = {isa = PBXBuildFile; fileRef = 1740154222572C4B00838B91 /* AppViewModel.swift */; };
		1740155B22572C4C00838B91 /* AppUseCase.swift in Sources */ = {isa = PBXBuildFile; fileRef = 1740154322572C4B00838B91 /* AppUseCase.swift */; };
		1740156122572C4C00838B91 /* Assembler.swift in Sources */ = {isa = PBXBuildFile; fileRef = 1740154E22572C4B00838B91 /* Assembler.swift */; };
		1740156222572C4C00838B91 /* Utils.swift in Sources */ = {isa = PBXBuildFile; fileRef = 1740155022572C4C00838B91 /* Utils.swift */; };
		1740156322572C4C00838B91 /* AppDelegate.swift in Sources */ = {isa = PBXBuildFile; fileRef = 1740155122572C4C00838B91 /* AppDelegate.swift */; };
		1740156522572C4C00838B91 /* UIViewController+Rx.swift in Sources */ = {isa = PBXBuildFile; fileRef = 1740155422572C4C00838B91 /* UIViewController+Rx.swift */; };
		1740156722572C5500838B91 /* UnitTestViewController.swift in Sources */ = {isa = PBXBuildFile; fileRef = 1740156622572C5500838B91 /* UnitTestViewController.swift */; };
		1740157122572CA600838B91 /* ProductListViewModel.swift in Sources */ = {isa = PBXBuildFile; fileRef = 1740156A22572CA600838B91 /* ProductListViewModel.swift */; };
		1740157222572CA600838B91 /* ProductListNavigator.swift in Sources */ = {isa = PBXBuildFile; fileRef = 1740156B22572CA600838B91 /* ProductListNavigator.swift */; };
		1740157322572CA600838B91 /* ProductListViewController.swift in Sources */ = {isa = PBXBuildFile; fileRef = 1740156C22572CA600838B91 /* ProductListViewController.swift */; };
		1740157422572CA600838B91 /* ProductListUseCase.swift in Sources */ = {isa = PBXBuildFile; fileRef = 1740156D22572CA600838B91 /* ProductListUseCase.swift */; };
		1740157522572CA600838B91 /* ProductListAssembler.swift in Sources */ = {isa = PBXBuildFile; fileRef = 1740156E22572CA600838B91 /* ProductListAssembler.swift */; };
		1740157622572CA600838B91 /* ProductViewModel.swift in Sources */ = {isa = PBXBuildFile; fileRef = 1740156F22572CA600838B91 /* ProductViewModel.swift */; };
		1740157822572CB900838B91 /* Product.swift in Sources */ = {isa = PBXBuildFile; fileRef = 1740157722572CB900838B91 /* Product.swift */; };
		1740157B22572F8700838B91 /* ProductCell.swift in Sources */ = {isa = PBXBuildFile; fileRef = 1740157922572F8600838B91 /* ProductCell.swift */; };
		1740157C22572F8700838B91 /* ProductCell.xib in Resources */ = {isa = PBXBuildFile; fileRef = 1740157A22572F8600838B91 /* ProductCell.xib */; };
		2ADED0940F77657105B6DB3F /* libPods-MGLoadMore.a in Frameworks */ = {isa = PBXBuildFile; fileRef = 7F1A5DE31B1992DE31843F46 /* libPods-MGLoadMore.a */; };
/* End PBXBuildFile section */

/* Begin PBXFileReference section */
		174015212257127D00838B91 /* MGLoadMore.app */ = {isa = PBXFileReference; explicitFileType = wrapper.application; includeInIndex = 0; path = MGLoadMore.app; sourceTree = BUILT_PRODUCTS_DIR; };
		174015282257127E00838B91 /* Base */ = {isa = PBXFileReference; lastKnownFileType = file.storyboard; name = Base; path = Base.lproj/Main.storyboard; sourceTree = "<group>"; };
		1740152A2257128000838B91 /* Assets.xcassets */ = {isa = PBXFileReference; lastKnownFileType = folder.assetcatalog; path = Assets.xcassets; sourceTree = "<group>"; };
		1740152D2257128000838B91 /* Base */ = {isa = PBXFileReference; lastKnownFileType = file.storyboard; name = Base; path = Base.lproj/LaunchScreen.storyboard; sourceTree = "<group>"; };
		1740152F2257128000838B91 /* Info.plist */ = {isa = PBXFileReference; lastKnownFileType = text.plist.xml; path = Info.plist; sourceTree = "<group>"; };
		17401538225728E500838B91 /* MGLoadMore-Bridging-Header.h */ = {isa = PBXFileReference; lastKnownFileType = sourcecode.c.h; path = "MGLoadMore-Bridging-Header.h"; sourceTree = "<group>"; };
		1740153E22572C4B00838B91 /* Storyboards.swift */ = {isa = PBXFileReference; fileEncoding = 4; lastKnownFileType = sourcecode.swift; path = Storyboards.swift; sourceTree = "<group>"; };
		1740154022572C4B00838B91 /* AppAssembler.swift */ = {isa = PBXFileReference; fileEncoding = 4; lastKnownFileType = sourcecode.swift; path = AppAssembler.swift; sourceTree = "<group>"; };
		1740154122572C4B00838B91 /* AppNavigator.swift */ = {isa = PBXFileReference; fileEncoding = 4; lastKnownFileType = sourcecode.swift; path = AppNavigator.swift; sourceTree = "<group>"; };
		1740154222572C4B00838B91 /* AppViewModel.swift */ = {isa = PBXFileReference; fileEncoding = 4; lastKnownFileType = sourcecode.swift; path = AppViewModel.swift; sourceTree = "<group>"; };
		1740154322572C4B00838B91 /* AppUseCase.swift */ = {isa = PBXFileReference; fileEncoding = 4; lastKnownFileType = sourcecode.swift; path = AppUseCase.swift; sourceTree = "<group>"; };
		1740154E22572C4B00838B91 /* Assembler.swift */ = {isa = PBXFileReference; fileEncoding = 4; lastKnownFileType = sourcecode.swift; path = Assembler.swift; sourceTree = "<group>"; };
		1740155022572C4C00838B91 /* Utils.swift */ = {isa = PBXFileReference; fileEncoding = 4; lastKnownFileType = sourcecode.swift; path = Utils.swift; sourceTree = "<group>"; };
		1740155122572C4C00838B91 /* AppDelegate.swift */ = {isa = PBXFileReference; fileEncoding = 4; lastKnownFileType = sourcecode.swift; path = AppDelegate.swift; sourceTree = "<group>"; };
		1740155422572C4C00838B91 /* UIViewController+Rx.swift */ = {isa = PBXFileReference; fileEncoding = 4; lastKnownFileType = sourcecode.swift; path = "UIViewController+Rx.swift"; sourceTree = "<group>"; };
		1740156622572C5500838B91 /* UnitTestViewController.swift */ = {isa = PBXFileReference; fileEncoding = 4; lastKnownFileType = sourcecode.swift; path = UnitTestViewController.swift; sourceTree = "<group>"; };
		1740156A22572CA600838B91 /* ProductListViewModel.swift */ = {isa = PBXFileReference; fileEncoding = 4; lastKnownFileType = sourcecode.swift; path = ProductListViewModel.swift; sourceTree = "<group>"; };
		1740156B22572CA600838B91 /* ProductListNavigator.swift */ = {isa = PBXFileReference; fileEncoding = 4; lastKnownFileType = sourcecode.swift; path = ProductListNavigator.swift; sourceTree = "<group>"; };
		1740156C22572CA600838B91 /* ProductListViewController.swift */ = {isa = PBXFileReference; fileEncoding = 4; lastKnownFileType = sourcecode.swift; path = ProductListViewController.swift; sourceTree = "<group>"; };
		1740156D22572CA600838B91 /* ProductListUseCase.swift */ = {isa = PBXFileReference; fileEncoding = 4; lastKnownFileType = sourcecode.swift; path = ProductListUseCase.swift; sourceTree = "<group>"; };
		1740156E22572CA600838B91 /* ProductListAssembler.swift */ = {isa = PBXFileReference; fileEncoding = 4; lastKnownFileType = sourcecode.swift; path = ProductListAssembler.swift; sourceTree = "<group>"; };
		1740156F22572CA600838B91 /* ProductViewModel.swift */ = {isa = PBXFileReference; fileEncoding = 4; lastKnownFileType = sourcecode.swift; path = ProductViewModel.swift; sourceTree = "<group>"; };
		1740157722572CB900838B91 /* Product.swift */ = {isa = PBXFileReference; lastKnownFileType = sourcecode.swift; path = Product.swift; sourceTree = "<group>"; };
		1740157922572F8600838B91 /* ProductCell.swift */ = {isa = PBXFileReference; lastKnownFileType = sourcecode.swift; path = ProductCell.swift; sourceTree = "<group>"; };
		1740157A22572F8600838B91 /* ProductCell.xib */ = {isa = PBXFileReference; lastKnownFileType = file.xib; path = ProductCell.xib; sourceTree = "<group>"; };
		179F9E92217887F30018A62B /* UIKit.framework */ = {isa = PBXFileReference; lastKnownFileType = wrapper.framework; name = UIKit.framework; path = System/Library/Frameworks/UIKit.framework; sourceTree = SDKROOT; };
		179F9E94217888C30018A62B /* RefreshAutoFooter.swift */ = {isa = PBXFileReference; fileEncoding = 4; lastKnownFileType = sourcecode.swift; path = RefreshAutoFooter.swift; sourceTree = "<group>"; };
		179F9E95217888C30018A62B /* LoadMoreTableView.swift */ = {isa = PBXFileReference; fileEncoding = 4; lastKnownFileType = sourcecode.swift; path = LoadMoreTableView.swift; sourceTree = "<group>"; };
		179F9E96217888C30018A62B /* RefreshAutoHeader.swift */ = {isa = PBXFileReference; fileEncoding = 4; lastKnownFileType = sourcecode.swift; path = RefreshAutoHeader.swift; sourceTree = "<group>"; };
		179F9E97217888C30018A62B /* LoadMoreCollectionView.swift */ = {isa = PBXFileReference; fileEncoding = 4; lastKnownFileType = sourcecode.swift; path = LoadMoreCollectionView.swift; sourceTree = "<group>"; };
		179F9E98217888C30018A62B /* RefreshTableView.swift */ = {isa = PBXFileReference; fileEncoding = 4; lastKnownFileType = sourcecode.swift; path = RefreshTableView.swift; sourceTree = "<group>"; };
		6FC0B2D61E40E92CF2FCB164 /* Pods-MGLoadMore.debug.xcconfig */ = {isa = PBXFileReference; includeInIndex = 1; lastKnownFileType = text.xcconfig; name = "Pods-MGLoadMore.debug.xcconfig"; path = "Pods/Target Support Files/Pods-MGLoadMore/Pods-MGLoadMore.debug.xcconfig"; sourceTree = "<group>"; };
		7F1A5DE31B1992DE31843F46 /* libPods-MGLoadMore.a */ = {isa = PBXFileReference; explicitFileType = archive.ar; includeInIndex = 0; path = "libPods-MGLoadMore.a"; sourceTree = BUILT_PRODUCTS_DIR; };
		F35C54E44E3EB6C04B79F843 /* Pods-MGLoadMore.release.xcconfig */ = {isa = PBXFileReference; includeInIndex = 1; lastKnownFileType = text.xcconfig; name = "Pods-MGLoadMore.release.xcconfig"; path = "Pods/Target Support Files/Pods-MGLoadMore/Pods-MGLoadMore.release.xcconfig"; sourceTree = "<group>"; };
/* End PBXFileReference section */

/* Begin PBXFrameworksBuildPhase section */
		1740151E2257127D00838B91 /* Frameworks */ = {
			isa = PBXFrameworksBuildPhase;
			buildActionMask = 2147483647;
			files = (
				2ADED0940F77657105B6DB3F /* libPods-MGLoadMore.a in Frameworks */,
			);
			runOnlyForDeploymentPostprocessing = 0;
		};
/* End PBXFrameworksBuildPhase section */

/* Begin PBXGroup section */
		1740151C2257121D00838B91 /* Sources */ = {
			isa = PBXGroup;
			children = (
				179F9E97217888C30018A62B /* LoadMoreCollectionView.swift */,
				179F9E95217888C30018A62B /* LoadMoreTableView.swift */,
				179F9E94217888C30018A62B /* RefreshAutoFooter.swift */,
				179F9E96217888C30018A62B /* RefreshAutoHeader.swift */,
				179F9E98217888C30018A62B /* RefreshTableView.swift */,
			);
			path = Sources;
			sourceTree = "<group>";
		};
		174015222257127E00838B91 /* MGLoadMore */ = {
			isa = PBXGroup;
			children = (
				1740154D22572C4B00838B91 /* Assembler */,
				1740155522572C4C00838B91 /* Domain */,
				1740155222572C4C00838B91 /* Extensions */,
				1740154422572C4B00838B91 /* Platform */,
				1740153C22572C4B00838B91 /* Scenes */,
				1740154F22572C4C00838B91 /* Support */,
				1740151C2257121D00838B91 /* Sources */,
				1740155122572C4C00838B91 /* AppDelegate.swift */,
				1740156622572C5500838B91 /* UnitTestViewController.swift */,
				1740152A2257128000838B91 /* Assets.xcassets */,
				1740152C2257128000838B91 /* LaunchScreen.storyboard */,
				1740152F2257128000838B91 /* Info.plist */,
				17401538225728E500838B91 /* MGLoadMore-Bridging-Header.h */,
			);
			path = MGLoadMore;
			sourceTree = "<group>";
		};
		1740153C22572C4B00838B91 /* Scenes */ = {
			isa = PBXGroup;
			children = (
				1740156822572C9900838B91 /* ProductList */,
				1740153D22572C4B00838B91 /* Storyboards */,
				1740153F22572C4B00838B91 /* App */,
			);
			path = Scenes;
			sourceTree = "<group>";
		};
		1740153D22572C4B00838B91 /* Storyboards */ = {
			isa = PBXGroup;
			children = (
				174015272257127E00838B91 /* Main.storyboard */,
				1740153E22572C4B00838B91 /* Storyboards.swift */,
			);
			path = Storyboards;
			sourceTree = "<group>";
		};
		1740153F22572C4B00838B91 /* App */ = {
			isa = PBXGroup;
			children = (
				1740154022572C4B00838B91 /* AppAssembler.swift */,
				1740154122572C4B00838B91 /* AppNavigator.swift */,
				1740154222572C4B00838B91 /* AppViewModel.swift */,
				1740154322572C4B00838B91 /* AppUseCase.swift */,
			);
			path = App;
			sourceTree = "<group>";
		};
		1740154422572C4B00838B91 /* Platform */ = {
			isa = PBXGroup;
			children = (
				1740154522572C4B00838B91 /* Repositories */,
			);
			path = Platform;
			sourceTree = "<group>";
		};
		1740154522572C4B00838B91 /* Repositories */ = {
			isa = PBXGroup;
			children = (
			);
			path = Repositories;
			sourceTree = "<group>";
		};
		1740154D22572C4B00838B91 /* Assembler */ = {
			isa = PBXGroup;
			children = (
				1740154E22572C4B00838B91 /* Assembler.swift */,
			);
			path = Assembler;
			sourceTree = "<group>";
		};
		1740154F22572C4C00838B91 /* Support */ = {
			isa = PBXGroup;
			children = (
				1740155022572C4C00838B91 /* Utils.swift */,
			);
			path = Support;
			sourceTree = "<group>";
		};
		1740155222572C4C00838B91 /* Extensions */ = {
			isa = PBXGroup;
			children = (
				1740155422572C4C00838B91 /* UIViewController+Rx.swift */,
			);
			path = Extensions;
			sourceTree = "<group>";
		};
		1740155522572C4C00838B91 /* Domain */ = {
			isa = PBXGroup;
			children = (
				1740155622572C4C00838B91 /* Model */,
			);
			path = Domain;
			sourceTree = "<group>";
		};
		1740155622572C4C00838B91 /* Model */ = {
			isa = PBXGroup;
			children = (
				1740157722572CB900838B91 /* Product.swift */,
			);
			path = Model;
			sourceTree = "<group>";
		};
		1740156822572C9900838B91 /* ProductList */ = {
			isa = PBXGroup;
			children = (
				1740156E22572CA600838B91 /* ProductListAssembler.swift */,
				1740156B22572CA600838B91 /* ProductListNavigator.swift */,
				1740156D22572CA600838B91 /* ProductListUseCase.swift */,
				1740156C22572CA600838B91 /* ProductListViewController.swift */,
				1740156A22572CA600838B91 /* ProductListViewModel.swift */,
				1740156F22572CA600838B91 /* ProductViewModel.swift */,
				1740157922572F8600838B91 /* ProductCell.swift */,
				1740157A22572F8600838B91 /* ProductCell.xib */,
			);
			path = ProductList;
			sourceTree = "<group>";
		};
		179F9E7D217884680018A62B = {
			isa = PBXGroup;
			children = (
				174015222257127E00838B91 /* MGLoadMore */,
				179F9E88217884680018A62B /* Products */,
				D97D7172FBEF64AB07B8639A /* Pods */,
				923829ACFCE315D42B91C172 /* Frameworks */,
			);
			sourceTree = "<group>";
		};
		179F9E88217884680018A62B /* Products */ = {
			isa = PBXGroup;
			children = (
				174015212257127D00838B91 /* MGLoadMore.app */,
			);
			name = Products;
			sourceTree = "<group>";
		};
		923829ACFCE315D42B91C172 /* Frameworks */ = {
			isa = PBXGroup;
			children = (
				179F9E92217887F30018A62B /* UIKit.framework */,
				7F1A5DE31B1992DE31843F46 /* libPods-MGLoadMore.a */,
			);
			name = Frameworks;
			sourceTree = "<group>";
		};
		D97D7172FBEF64AB07B8639A /* Pods */ = {
			isa = PBXGroup;
			children = (
				6FC0B2D61E40E92CF2FCB164 /* Pods-MGLoadMore.debug.xcconfig */,
				F35C54E44E3EB6C04B79F843 /* Pods-MGLoadMore.release.xcconfig */,
			);
			name = Pods;
			sourceTree = "<group>";
		};
/* End PBXGroup section */

/* Begin PBXNativeTarget section */
		174015202257127D00838B91 /* MGLoadMore */ = {
			isa = PBXNativeTarget;
			buildConfigurationList = 174015302257128000838B91 /* Build configuration list for PBXNativeTarget "MGLoadMore" */;
			buildPhases = (
				39DA6EC343D4237D7965E74E /* [CP] Check Pods Manifest.lock */,
				1740151D2257127D00838B91 /* Sources */,
				1740151E2257127D00838B91 /* Frameworks */,
				1740151F2257127D00838B91 /* Resources */,
				B627F9E0D3E4B8787E5239A1 /* [CP] Copy Pods Resources */,
			);
			buildRules = (
			);
			dependencies = (
			);
			name = MGLoadMore;
			productName = MGLoadMore;
			productReference = 174015212257127D00838B91 /* MGLoadMore.app */;
			productType = "com.apple.product-type.application";
		};
/* End PBXNativeTarget section */

/* Begin PBXProject section */
		179F9E7E217884680018A62B /* Project object */ = {
			isa = PBXProject;
			attributes = {
				LastSwiftUpdateCheck = 1020;
				LastUpgradeCheck = 1000;
				ORGANIZATIONNAME = "Sun Asterisk";
				TargetAttributes = {
					174015202257127D00838B91 = {
						CreatedOnToolsVersion = 10.2;
						LastSwiftMigration = 1020;
					};
				};
			};
			buildConfigurationList = 179F9E81217884680018A62B /* Build configuration list for PBXProject "MGLoadMore" */;
			compatibilityVersion = "Xcode 9.3";
			developmentRegion = en;
			hasScannedForEncodings = 0;
			knownRegions = (
				en,
				Base,
			);
			mainGroup = 179F9E7D217884680018A62B;
			productRefGroup = 179F9E88217884680018A62B /* Products */;
			projectDirPath = "";
			projectRoot = "";
			targets = (
				174015202257127D00838B91 /* MGLoadMore */,
			);
		};
/* End PBXProject section */

/* Begin PBXResourcesBuildPhase section */
		1740151F2257127D00838B91 /* Resources */ = {
			isa = PBXResourcesBuildPhase;
			buildActionMask = 2147483647;
			files = (
				1740152E2257128000838B91 /* LaunchScreen.storyboard in Resources */,
				1740157C22572F8700838B91 /* ProductCell.xib in Resources */,
				1740152B2257128000838B91 /* Assets.xcassets in Resources */,
				174015292257127E00838B91 /* Main.storyboard in Resources */,
			);
			runOnlyForDeploymentPostprocessing = 0;
		};
/* End PBXResourcesBuildPhase section */

/* Begin PBXShellScriptBuildPhase section */
		39DA6EC343D4237D7965E74E /* [CP] Check Pods Manifest.lock */ = {
			isa = PBXShellScriptBuildPhase;
			buildActionMask = 2147483647;
			files = (
			);
			inputFileListPaths = (
			);
			inputPaths = (
				"${PODS_PODFILE_DIR_PATH}/Podfile.lock",
				"${PODS_ROOT}/Manifest.lock",
			);
			name = "[CP] Check Pods Manifest.lock";
			outputFileListPaths = (
			);
			outputPaths = (
				"$(DERIVED_FILE_DIR)/Pods-MGLoadMore-checkManifestLockResult.txt",
			);
			runOnlyForDeploymentPostprocessing = 0;
			shellPath = /bin/sh;
			shellScript = "diff \"${PODS_PODFILE_DIR_PATH}/Podfile.lock\" \"${PODS_ROOT}/Manifest.lock\" > /dev/null\nif [ $? != 0 ] ; then\n    # print error to STDERR\n    echo \"error: The sandbox is not in sync with the Podfile.lock. Run 'pod install' or update your CocoaPods installation.\" >&2\n    exit 1\nfi\n# This output is used by Xcode 'outputs' to avoid re-running this script phase.\necho \"SUCCESS\" > \"${SCRIPT_OUTPUT_FILE_0}\"\n";
			showEnvVarsInLog = 0;
		};
		B627F9E0D3E4B8787E5239A1 /* [CP] Copy Pods Resources */ = {
			isa = PBXShellScriptBuildPhase;
			buildActionMask = 2147483647;
			files = (
			);
			inputFileListPaths = (
			);
			inputPaths = (
				"${PODS_ROOT}/Target Support Files/Pods-MGLoadMore/Pods-MGLoadMore-resources.sh",
				"${PODS_ROOT}/MJRefresh/MJRefresh/MJRefresh.bundle",
			);
			name = "[CP] Copy Pods Resources";
			outputFileListPaths = (
			);
			outputPaths = (
				"${TARGET_BUILD_DIR}/${UNLOCALIZED_RESOURCES_FOLDER_PATH}/MJRefresh.bundle",
			);
			runOnlyForDeploymentPostprocessing = 0;
			shellPath = /bin/sh;
			shellScript = "\"${PODS_ROOT}/Target Support Files/Pods-MGLoadMore/Pods-MGLoadMore-resources.sh\"\n";
			showEnvVarsInLog = 0;
		};
/* End PBXShellScriptBuildPhase section */

/* Begin PBXSourcesBuildPhase section */
		1740151D2257127D00838B91 /* Sources */ = {
			isa = PBXSourcesBuildPhase;
			buildActionMask = 2147483647;
			files = (
				1740156722572C5500838B91 /* UnitTestViewController.swift in Sources */,
				1740157322572CA600838B91 /* ProductListViewController.swift in Sources */,
				1740155722572C4C00838B91 /* Storyboards.swift in Sources */,
				1740155922572C4C00838B91 /* AppNavigator.swift in Sources */,
				1740155A22572C4C00838B91 /* AppViewModel.swift in Sources */,
				17401537225712B100838B91 /* RefreshTableView.swift in Sources */,
				17401534225712B100838B91 /* LoadMoreTableView.swift in Sources */,
				1740155822572C4C00838B91 /* AppAssembler.swift in Sources */,
				17401535225712B100838B91 /* RefreshAutoFooter.swift in Sources */,
				1740156122572C4C00838B91 /* Assembler.swift in Sources */,
				1740156222572C4C00838B91 /* Utils.swift in Sources */,
				1740156522572C4C00838B91 /* UIViewController+Rx.swift in Sources */,
				1740157622572CA600838B91 /* ProductViewModel.swift in Sources */,
				1740157822572CB900838B91 /* Product.swift in Sources */,
				1740157222572CA600838B91 /* ProductListNavigator.swift in Sources */,
				1740155B22572C4C00838B91 /* AppUseCase.swift in Sources */,
				1740157122572CA600838B91 /* ProductListViewModel.swift in Sources */,
				17401536225712B100838B91 /* RefreshAutoHeader.swift in Sources */,
				1740156322572C4C00838B91 /* AppDelegate.swift in Sources */,
				17401533225712B100838B91 /* LoadMoreCollectionView.swift in Sources */,
				1740157B22572F8700838B91 /* ProductCell.swift in Sources */,
				1740157522572CA600838B91 /* ProductListAssembler.swift in Sources */,
				1740157422572CA600838B91 /* ProductListUseCase.swift in Sources */,
			);
			runOnlyForDeploymentPostprocessing = 0;
		};
/* End PBXSourcesBuildPhase section */

/* Begin PBXVariantGroup section */
		174015272257127E00838B91 /* Main.storyboard */ = {
			isa = PBXVariantGroup;
			children = (
				174015282257127E00838B91 /* Base */,
			);
			name = Main.storyboard;
			sourceTree = "<group>";
		};
		1740152C2257128000838B91 /* LaunchScreen.storyboard */ = {
			isa = PBXVariantGroup;
			children = (
				1740152D2257128000838B91 /* Base */,
			);
			name = LaunchScreen.storyboard;
			sourceTree = "<group>";
		};
/* End PBXVariantGroup section */

/* Begin XCBuildConfiguration section */
		174015312257128000838B91 /* Debug */ = {
			isa = XCBuildConfiguration;
			baseConfigurationReference = 6FC0B2D61E40E92CF2FCB164 /* Pods-MGLoadMore.debug.xcconfig */;
			buildSettings = {
				ASSETCATALOG_COMPILER_APPICON_NAME = AppIcon;
				CLANG_ENABLE_MODULES = YES;
				CODE_SIGN_STYLE = Automatic;
				INFOPLIST_FILE = MGLoadMore/Info.plist;
				IPHONEOS_DEPLOYMENT_TARGET = 9.0;
				LD_RUNPATH_SEARCH_PATHS = (
					"$(inherited)",
					"@executable_path/Frameworks",
				);
				PRODUCT_BUNDLE_IDENTIFIER = "com.sun-asterisk.MGLoadMore";
				PRODUCT_NAME = "$(TARGET_NAME)";
				SWIFT_OBJC_BRIDGING_HEADER = "MGLoadMore/MGLoadMore-Bridging-Header.h";
				SWIFT_OPTIMIZATION_LEVEL = "-Onone";
				SWIFT_VERSION = 5.0;
				TARGETED_DEVICE_FAMILY = "1,2";
			};
			name = Debug;
		};
		174015322257128000838B91 /* Release */ = {
			isa = XCBuildConfiguration;
			baseConfigurationReference = F35C54E44E3EB6C04B79F843 /* Pods-MGLoadMore.release.xcconfig */;
			buildSettings = {
				ASSETCATALOG_COMPILER_APPICON_NAME = AppIcon;
				CLANG_ENABLE_MODULES = YES;
				CODE_SIGN_STYLE = Automatic;
				INFOPLIST_FILE = MGLoadMore/Info.plist;
				IPHONEOS_DEPLOYMENT_TARGET = 9.0;
				LD_RUNPATH_SEARCH_PATHS = (
					"$(inherited)",
					"@executable_path/Frameworks",
				);
				PRODUCT_BUNDLE_IDENTIFIER = "com.sun-asterisk.MGLoadMore";
				PRODUCT_NAME = "$(TARGET_NAME)";
				SWIFT_OBJC_BRIDGING_HEADER = "MGLoadMore/MGLoadMore-Bridging-Header.h";
				SWIFT_VERSION = 5.0;
				TARGETED_DEVICE_FAMILY = "1,2";
			};
			name = Release;
		};
		179F9E8D217884680018A62B /* Debug */ = {
			isa = XCBuildConfiguration;
			buildSettings = {
				ALWAYS_SEARCH_USER_PATHS = NO;
				CLANG_ANALYZER_NONNULL = YES;
				CLANG_ANALYZER_NUMBER_OBJECT_CONVERSION = YES_AGGRESSIVE;
				CLANG_CXX_LANGUAGE_STANDARD = "gnu++14";
				CLANG_CXX_LIBRARY = "libc++";
				CLANG_ENABLE_MODULES = YES;
				CLANG_ENABLE_OBJC_ARC = YES;
				CLANG_ENABLE_OBJC_WEAK = YES;
				CLANG_WARN_BLOCK_CAPTURE_AUTORELEASING = YES;
				CLANG_WARN_BOOL_CONVERSION = YES;
				CLANG_WARN_COMMA = YES;
				CLANG_WARN_CONSTANT_CONVERSION = YES;
				CLANG_WARN_DEPRECATED_OBJC_IMPLEMENTATIONS = YES;
				CLANG_WARN_DIRECT_OBJC_ISA_USAGE = YES_ERROR;
				CLANG_WARN_DOCUMENTATION_COMMENTS = YES;
				CLANG_WARN_EMPTY_BODY = YES;
				CLANG_WARN_ENUM_CONVERSION = YES;
				CLANG_WARN_INFINITE_RECURSION = YES;
				CLANG_WARN_INT_CONVERSION = YES;
				CLANG_WARN_NON_LITERAL_NULL_CONVERSION = YES;
				CLANG_WARN_OBJC_IMPLICIT_RETAIN_SELF = YES;
				CLANG_WARN_OBJC_LITERAL_CONVERSION = YES;
				CLANG_WARN_OBJC_ROOT_CLASS = YES_ERROR;
				CLANG_WARN_RANGE_LOOP_ANALYSIS = YES;
				CLANG_WARN_STRICT_PROTOTYPES = YES;
				CLANG_WARN_SUSPICIOUS_MOVE = YES;
				CLANG_WARN_UNGUARDED_AVAILABILITY = YES_AGGRESSIVE;
				CLANG_WARN_UNREACHABLE_CODE = YES;
				CLANG_WARN__DUPLICATE_METHOD_MATCH = YES;
				CODE_SIGN_IDENTITY = "iPhone Developer";
				COPY_PHASE_STRIP = NO;
				CURRENT_PROJECT_VERSION = 1;
				DEBUG_INFORMATION_FORMAT = dwarf;
				ENABLE_STRICT_OBJC_MSGSEND = YES;
				ENABLE_TESTABILITY = YES;
				GCC_C_LANGUAGE_STANDARD = gnu11;
				GCC_DYNAMIC_NO_PIC = NO;
				GCC_NO_COMMON_BLOCKS = YES;
				GCC_OPTIMIZATION_LEVEL = 0;
				GCC_PREPROCESSOR_DEFINITIONS = (
					"DEBUG=1",
					"$(inherited)",
				);
				GCC_WARN_64_TO_32_BIT_CONVERSION = YES;
				GCC_WARN_ABOUT_RETURN_TYPE = YES_ERROR;
				GCC_WARN_UNDECLARED_SELECTOR = YES;
				GCC_WARN_UNINITIALIZED_AUTOS = YES_AGGRESSIVE;
				GCC_WARN_UNUSED_FUNCTION = YES;
				GCC_WARN_UNUSED_VARIABLE = YES;
				IPHONEOS_DEPLOYMENT_TARGET = 12.0;
				MTL_ENABLE_DEBUG_INFO = INCLUDE_SOURCE;
				MTL_FAST_MATH = YES;
				ONLY_ACTIVE_ARCH = YES;
				SDKROOT = iphoneos;
				SWIFT_ACTIVE_COMPILATION_CONDITIONS = DEBUG;
				SWIFT_OPTIMIZATION_LEVEL = "-Onone";
				VERSIONING_SYSTEM = "apple-generic";
				VERSION_INFO_PREFIX = "";
			};
			name = Debug;
		};
		179F9E8E217884680018A62B /* Release */ = {
			isa = XCBuildConfiguration;
			buildSettings = {
				ALWAYS_SEARCH_USER_PATHS = NO;
				CLANG_ANALYZER_NONNULL = YES;
				CLANG_ANALYZER_NUMBER_OBJECT_CONVERSION = YES_AGGRESSIVE;
				CLANG_CXX_LANGUAGE_STANDARD = "gnu++14";
				CLANG_CXX_LIBRARY = "libc++";
				CLANG_ENABLE_MODULES = YES;
				CLANG_ENABLE_OBJC_ARC = YES;
				CLANG_ENABLE_OBJC_WEAK = YES;
				CLANG_WARN_BLOCK_CAPTURE_AUTORELEASING = YES;
				CLANG_WARN_BOOL_CONVERSION = YES;
				CLANG_WARN_COMMA = YES;
				CLANG_WARN_CONSTANT_CONVERSION = YES;
				CLANG_WARN_DEPRECATED_OBJC_IMPLEMENTATIONS = YES;
				CLANG_WARN_DIRECT_OBJC_ISA_USAGE = YES_ERROR;
				CLANG_WARN_DOCUMENTATION_COMMENTS = YES;
				CLANG_WARN_EMPTY_BODY = YES;
				CLANG_WARN_ENUM_CONVERSION = YES;
				CLANG_WARN_INFINITE_RECURSION = YES;
				CLANG_WARN_INT_CONVERSION = YES;
				CLANG_WARN_NON_LITERAL_NULL_CONVERSION = YES;
				CLANG_WARN_OBJC_IMPLICIT_RETAIN_SELF = YES;
				CLANG_WARN_OBJC_LITERAL_CONVERSION = YES;
				CLANG_WARN_OBJC_ROOT_CLASS = YES_ERROR;
				CLANG_WARN_RANGE_LOOP_ANALYSIS = YES;
				CLANG_WARN_STRICT_PROTOTYPES = YES;
				CLANG_WARN_SUSPICIOUS_MOVE = YES;
				CLANG_WARN_UNGUARDED_AVAILABILITY = YES_AGGRESSIVE;
				CLANG_WARN_UNREACHABLE_CODE = YES;
				CLANG_WARN__DUPLICATE_METHOD_MATCH = YES;
				CODE_SIGN_IDENTITY = "iPhone Developer";
				COPY_PHASE_STRIP = NO;
				CURRENT_PROJECT_VERSION = 1;
				DEBUG_INFORMATION_FORMAT = "dwarf-with-dsym";
				ENABLE_NS_ASSERTIONS = NO;
				ENABLE_STRICT_OBJC_MSGSEND = YES;
				GCC_C_LANGUAGE_STANDARD = gnu11;
				GCC_NO_COMMON_BLOCKS = YES;
				GCC_WARN_64_TO_32_BIT_CONVERSION = YES;
				GCC_WARN_ABOUT_RETURN_TYPE = YES_ERROR;
				GCC_WARN_UNDECLARED_SELECTOR = YES;
				GCC_WARN_UNINITIALIZED_AUTOS = YES_AGGRESSIVE;
				GCC_WARN_UNUSED_FUNCTION = YES;
				GCC_WARN_UNUSED_VARIABLE = YES;
				IPHONEOS_DEPLOYMENT_TARGET = 12.0;
				MTL_ENABLE_DEBUG_INFO = NO;
				MTL_FAST_MATH = YES;
				SDKROOT = iphoneos;
				SWIFT_COMPILATION_MODE = wholemodule;
				SWIFT_OPTIMIZATION_LEVEL = "-O";
				VALIDATE_PRODUCT = YES;
				VERSIONING_SYSTEM = "apple-generic";
				VERSION_INFO_PREFIX = "";
			};
			name = Release;
		};
/* End XCBuildConfiguration section */

/* Begin XCConfigurationList section */
		174015302257128000838B91 /* Build configuration list for PBXNativeTarget "MGLoadMore" */ = {
			isa = XCConfigurationList;
			buildConfigurations = (
				174015312257128000838B91 /* Debug */,
				174015322257128000838B91 /* Release */,
			);
			defaultConfigurationIsVisible = 0;
			defaultConfigurationName = Release;
		};
		179F9E81217884680018A62B /* Build configuration list for PBXProject "MGLoadMore" */ = {
			isa = XCConfigurationList;
			buildConfigurations = (
				179F9E8D217884680018A62B /* Debug */,
				179F9E8E217884680018A62B /* Release */,
			);
			defaultConfigurationIsVisible = 0;
			defaultConfigurationName = Release;
		};
/* End XCConfigurationList section */
	};
	rootObject = 179F9E7E217884680018A62B /* Project object */;
}
